// !$*UTF8*$!
{
	archiveVersion = 1;
	classes = {
	};
	objectVersion = 60;
	objects = {

/* Begin PBXBuildFile section */
		310AC9E42A6D7A2F0055E013 /* PickerPropertiesManager.swift in Sources */ = {isa = PBXBuildFile; fileRef = 310AC9E32A6D7A2F0055E013 /* PickerPropertiesManager.swift */; };
		310D686A2C8DF07A001D791E /* CategoriesCollectionViewCell.swift in Sources */ = {isa = PBXBuildFile; fileRef = 310D68692C8DF07A001D791E /* CategoriesCollectionViewCell.swift */; };
		3123E3132CBE275600ACE2AC /* TabBarController.swift in Sources */ = {isa = PBXBuildFile; fileRef = 3123E3122CBE275600ACE2AC /* TabBarController.swift */; };
		3123E3232CBE6F1E00ACE2AC /* ShoppingListRouter.swift in Sources */ = {isa = PBXBuildFile; fileRef = 3123E31F2CBE6F1E00ACE2AC /* ShoppingListRouter.swift */; };
		3123E3242CBE6F1E00ACE2AC /* ShoppingListModels.swift in Sources */ = {isa = PBXBuildFile; fileRef = 3123E31D2CBE6F1E00ACE2AC /* ShoppingListModels.swift */; };
		3123E3252CBE6F1E00ACE2AC /* ShoppingListPresenter.swift in Sources */ = {isa = PBXBuildFile; fileRef = 3123E31E2CBE6F1E00ACE2AC /* ShoppingListPresenter.swift */; };
		3123E3262CBE6F1E00ACE2AC /* ShoppingListWorker.swift in Sources */ = {isa = PBXBuildFile; fileRef = 3123E3222CBE6F1E00ACE2AC /* ShoppingListWorker.swift */; };
		3123E3272CBE6F1E00ACE2AC /* ShoppingListInteractor.swift in Sources */ = {isa = PBXBuildFile; fileRef = 3123E31C2CBE6F1E00ACE2AC /* ShoppingListInteractor.swift */; };
		3123E3282CBE6F1E00ACE2AC /* ShoppingListViewController.swift in Sources */ = {isa = PBXBuildFile; fileRef = 3123E3202CBE6F1E00ACE2AC /* ShoppingListViewController.swift */; };
		3123E3312CBE708400ACE2AC /* SettingsRouter.swift in Sources */ = {isa = PBXBuildFile; fileRef = 3123E32D2CBE708400ACE2AC /* SettingsRouter.swift */; };
		3123E3322CBE708400ACE2AC /* SettingsPresenter.swift in Sources */ = {isa = PBXBuildFile; fileRef = 3123E32C2CBE708400ACE2AC /* SettingsPresenter.swift */; };
		3123E3332CBE708400ACE2AC /* SettingsInteractor.swift in Sources */ = {isa = PBXBuildFile; fileRef = 3123E32A2CBE708400ACE2AC /* SettingsInteractor.swift */; };
		3123E3342CBE708400ACE2AC /* SettingsModels.swift in Sources */ = {isa = PBXBuildFile; fileRef = 3123E32B2CBE708400ACE2AC /* SettingsModels.swift */; };
		3123E3352CBE708400ACE2AC /* SettingsViewController.swift in Sources */ = {isa = PBXBuildFile; fileRef = 3123E32E2CBE708400ACE2AC /* SettingsViewController.swift */; };
		3123E3362CBE708400ACE2AC /* SettingsWorker.swift in Sources */ = {isa = PBXBuildFile; fileRef = 3123E3302CBE708400ACE2AC /* SettingsWorker.swift */; };
		313153362AB8D22F00A3E11D /* ContextualActionViewManager.swift in Sources */ = {isa = PBXBuildFile; fileRef = 313153352AB8D22F00A3E11D /* ContextualActionViewManager.swift */; };
		3139EE512C4A68D100AEC1F2 /* CategoriesManager.swift in Sources */ = {isa = PBXBuildFile; fileRef = 3139EE502C4A68D100AEC1F2 /* CategoriesManager.swift */; };
		3139EE5A2C4D2D8D00AEC1F2 /* CategoryDetailsPresenter.swift in Sources */ = {isa = PBXBuildFile; fileRef = 3139EE532C4D2D8D00AEC1F2 /* CategoryDetailsPresenter.swift */; };
		3139EE5B2C4D2D8D00AEC1F2 /* CategoryDetailsWorker.swift in Sources */ = {isa = PBXBuildFile; fileRef = 3139EE542C4D2D8D00AEC1F2 /* CategoryDetailsWorker.swift */; };
		3139EE5C2C4D2D8D00AEC1F2 /* CategoryDetailsRouter.swift in Sources */ = {isa = PBXBuildFile; fileRef = 3139EE552C4D2D8D00AEC1F2 /* CategoryDetailsRouter.swift */; };
		3139EE5D2C4D2D8D00AEC1F2 /* CategoryDetailsModels.swift in Sources */ = {isa = PBXBuildFile; fileRef = 3139EE562C4D2D8D00AEC1F2 /* CategoryDetailsModels.swift */; };
		3139EE5E2C4D2D8D00AEC1F2 /* CategoryDetailsViewController.swift in Sources */ = {isa = PBXBuildFile; fileRef = 3139EE572C4D2D8D00AEC1F2 /* CategoryDetailsViewController.swift */; };
		3139EE5F2C4D2D8D00AEC1F2 /* CategoryDetailsInteractor.swift in Sources */ = {isa = PBXBuildFile; fileRef = 3139EE582C4D2D8D00AEC1F2 /* CategoryDetailsInteractor.swift */; };
		3139EE6B2C4EAF4300AEC1F2 /* CategoryDetailsFoodCell.swift in Sources */ = {isa = PBXBuildFile; fileRef = 3139EE692C4EAF4300AEC1F2 /* CategoryDetailsFoodCell.swift */; };
		3139EE6C2C4EAF4300AEC1F2 /* CategoryDetailsFoodCell.xib in Resources */ = {isa = PBXBuildFile; fileRef = 3139EE6A2C4EAF4300AEC1F2 /* CategoryDetailsFoodCell.xib */; };
		3139EE702C52591000AEC1F2 /* CategoryDetailsHeaderView.swift in Sources */ = {isa = PBXBuildFile; fileRef = 3139EE6F2C52591000AEC1F2 /* CategoryDetailsHeaderView.swift */; };
		3139EE722C52593300AEC1F2 /* CategoryDetailsHeaderView.xib in Resources */ = {isa = PBXBuildFile; fileRef = 3139EE712C52593300AEC1F2 /* CategoryDetailsHeaderView.xib */; };
		3139EE992C663E0C00AEC1F2 /* GradientForHeaderView.swift in Sources */ = {isa = PBXBuildFile; fileRef = 3139EE982C663E0C00AEC1F2 /* GradientForHeaderView.swift */; };
		3139EE9B2C66575A00AEC1F2 /* .gitignore in Resources */ = {isa = PBXBuildFile; fileRef = 3139EE9A2C66575A00AEC1F2 /* .gitignore */; };
		314E67E22DD4F45200EC6E78 /* SetLanguageCell.swift in Sources */ = {isa = PBXBuildFile; fileRef = 314E67E12DD4F45200EC6E78 /* SetLanguageCell.swift */; };
		314E67E42DD4F46000EC6E78 /* SetAppearanceCell.swift in Sources */ = {isa = PBXBuildFile; fileRef = 314E67E32DD4F46000EC6E78 /* SetAppearanceCell.swift */; };
		314E67E62DD4F46800EC6E78 /* InformationCell.swift in Sources */ = {isa = PBXBuildFile; fileRef = 314E67E52DD4F46800EC6E78 /* InformationCell.swift */; };
		314E67F32DDC995300EC6E78 /* LanguageManager.swift in Sources */ = {isa = PBXBuildFile; fileRef = 314E67F22DDC995300EC6E78 /* LanguageManager.swift */; };
		314E67F72DDCB2D400EC6E78 /* LaunchViewController.swift in Sources */ = {isa = PBXBuildFile; fileRef = 314E67F62DDCB2D400EC6E78 /* LaunchViewController.swift */; };
		314ECCA12D9151900047EDBB /* Date + Extension.swift in Sources */ = {isa = PBXBuildFile; fileRef = 314ECCA02D9151900047EDBB /* Date + Extension.swift */; };
		317F50E6286DB4C90049B64B /* UIColor + Extension.swift in Sources */ = {isa = PBXBuildFile; fileRef = 317F50E5286DB4C90049B64B /* UIColor + Extension.swift */; };
		318701A12A4E019C0079848C /* DateManager.swift in Sources */ = {isa = PBXBuildFile; fileRef = 318701A02A4E019C0079848C /* DateManager.swift */; };
		3188955D2BC479EA00ABD040 /* Assets.xcassets in Resources */ = {isa = PBXBuildFile; fileRef = 3188955C2BC479EA00ABD040 /* Assets.xcassets */; };
		31A545E52DD38FCC0051F1C4 /* Localizable.strings in Resources */ = {isa = PBXBuildFile; fileRef = 31A545E42DD38FCC0051F1C4 /* Localizable.strings */; };
		31A545EE2DD390340051F1C4 /* Main.storyboard in Resources */ = {isa = PBXBuildFile; fileRef = 31A545ED2DD390340051F1C4 /* Main.storyboard */; };
		31B1C5ED2BC7F5E300C6D43F /* AppDelegate.swift in Sources */ = {isa = PBXBuildFile; fileRef = 31B1C5EC2BC7F5E300C6D43F /* AppDelegate.swift */; };
		31B1C6022BC8001B00C6D43F /* Inter-SemiBold.otf in Resources */ = {isa = PBXBuildFile; fileRef = 31B1C5FB2BC8001B00C6D43F /* Inter-SemiBold.otf */; };
		31B1C6032BC8001B00C6D43F /* pobeda-bold.ttf in Resources */ = {isa = PBXBuildFile; fileRef = 31B1C5FC2BC8001B00C6D43F /* pobeda-bold.ttf */; };
		31B1C6042BC8001B00C6D43F /* Inter-Light.otf in Resources */ = {isa = PBXBuildFile; fileRef = 31B1C5FD2BC8001B00C6D43F /* Inter-Light.otf */; };
		31B1C6052BC8001B00C6D43F /* Inter-Bold.otf in Resources */ = {isa = PBXBuildFile; fileRef = 31B1C5FE2BC8001B00C6D43F /* Inter-Bold.otf */; };
		31B1C6062BC8001B00C6D43F /* Inter-ExtraLight.otf in Resources */ = {isa = PBXBuildFile; fileRef = 31B1C5FF2BC8001B00C6D43F /* Inter-ExtraLight.otf */; };
		31B1C6072BC8001B00C6D43F /* pobeda-regular.ttf in Resources */ = {isa = PBXBuildFile; fileRef = 31B1C6002BC8001B00C6D43F /* pobeda-regular.ttf */; };
		31B1C6082BC8001B00C6D43F /* Inter.ttf in Resources */ = {isa = PBXBuildFile; fileRef = 31B1C6012BC8001B00C6D43F /* Inter.ttf */; };
		31BA20C92CC01A8400475B7A /* ShoppingListTableViewCell.xib in Resources */ = {isa = PBXBuildFile; fileRef = 31BA20C82CC01A8400475B7A /* ShoppingListTableViewCell.xib */; };
		31BA20CA2CC01A8400475B7A /* ShoppingListTableViewCell.swift in Sources */ = {isa = PBXBuildFile; fileRef = 31BA20C72CC01A8400475B7A /* ShoppingListTableViewCell.swift */; };
		31C6245F2C776821004E83B7 /* MyFoodDetailsPopupMenu+Extension+Animate.swift in Sources */ = {isa = PBXBuildFile; fileRef = 31C6245E2C776821004E83B7 /* MyFoodDetailsPopupMenu+Extension+Animate.swift */; };
		31C624682C7DBABC004E83B7 /* ChoiseFoodPresenter.swift in Sources */ = {isa = PBXBuildFile; fileRef = 31C624612C7DBABC004E83B7 /* ChoiseFoodPresenter.swift */; };
		31C624692C7DBABC004E83B7 /* ChoiseFoodWorker.swift in Sources */ = {isa = PBXBuildFile; fileRef = 31C624622C7DBABC004E83B7 /* ChoiseFoodWorker.swift */; };
		31C6246A2C7DBABC004E83B7 /* ChoiseFoodRouter.swift in Sources */ = {isa = PBXBuildFile; fileRef = 31C624632C7DBABC004E83B7 /* ChoiseFoodRouter.swift */; };
		31C6246B2C7DBABC004E83B7 /* ChoiseFoodModels.swift in Sources */ = {isa = PBXBuildFile; fileRef = 31C624642C7DBABC004E83B7 /* ChoiseFoodModels.swift */; };
		31C6246C2C7DBABC004E83B7 /* ChoiseFoodViewController.swift in Sources */ = {isa = PBXBuildFile; fileRef = 31C624652C7DBABC004E83B7 /* ChoiseFoodViewController.swift */; };
		31C6246D2C7DBABC004E83B7 /* ChoiseFoodInteractor.swift in Sources */ = {isa = PBXBuildFile; fileRef = 31C624662C7DBABC004E83B7 /* ChoiseFoodInteractor.swift */; };
		31C624712C7EF5EC004E83B7 /* PopUpMenuPositionModel.swift in Sources */ = {isa = PBXBuildFile; fileRef = 31C624702C7EF5EC004E83B7 /* PopUpMenuPositionModel.swift */; };
		31C7B02D2C81A6D100C41CE3 /* FoodListTableViewCell.xib in Resources */ = {isa = PBXBuildFile; fileRef = 31C7B02C2C81A6D100C41CE3 /* FoodListTableViewCell.xib */; };
		31C7B02E2C81A6D100C41CE3 /* FoodListTableViewCell.swift in Sources */ = {isa = PBXBuildFile; fileRef = 31C7B02B2C81A6D100C41CE3 /* FoodListTableViewCell.swift */; };
		31CFBD2A2BCED856004C75A8 /* CategoryMyFoodCollectionViewCell.xib in Resources */ = {isa = PBXBuildFile; fileRef = 31CFBD292BCED856004C75A8 /* CategoryMyFoodCollectionViewCell.xib */; };
		31CFBD2E2BCEDA62004C75A8 /* CategoryMyFoodCollectionViewCell.swift in Sources */ = {isa = PBXBuildFile; fileRef = 31CFBD2D2BCEDA62004C75A8 /* CategoryMyFoodCollectionViewCell.swift */; };
		31CFBD322BCEF211004C75A8 /* UIViewController + StoryBoard.swift in Sources */ = {isa = PBXBuildFile; fileRef = 31CFBD312BCEF211004C75A8 /* UIViewController + StoryBoard.swift */; };
		31CFBD3A2BD130A0004C75A8 /* MyFoodCollectionViewCell.xib in Resources */ = {isa = PBXBuildFile; fileRef = 31CFBD392BD130A0004C75A8 /* MyFoodCollectionViewCell.xib */; };
		31CFBD3B2BD130A0004C75A8 /* MyFoodCollectionViewCell.swift in Sources */ = {isa = PBXBuildFile; fileRef = 31CFBD382BD130A0004C75A8 /* MyFoodCollectionViewCell.swift */; };
		31CFBD3D2BD7DE51004C75A8 /* DataManager.swift in Sources */ = {isa = PBXBuildFile; fileRef = 31CFBD3C2BD7DE51004C75A8 /* DataManager.swift */; };
		31CFBD462BD91D32004C75A8 /* UIView + Extensions.swift in Sources */ = {isa = PBXBuildFile; fileRef = 31CFBD452BD91D32004C75A8 /* UIView + Extensions.swift */; };
		31CFBD4D2BD93927004C75A8 /* MyFoodDetailsPopupMenu.swift in Sources */ = {isa = PBXBuildFile; fileRef = 31CFBD4C2BD93927004C75A8 /* MyFoodDetailsPopupMenu.swift */; };
		31CFBD4F2BD93933004C75A8 /* MyFoodDetailsPopupMenu.xib in Resources */ = {isa = PBXBuildFile; fileRef = 31CFBD4E2BD93933004C75A8 /* MyFoodDetailsPopupMenu.xib */; };
		31D0C4252A9A1AC200EDF32B /* StringExtensionLocalized.swift in Sources */ = {isa = PBXBuildFile; fileRef = 31D0C4242A9A1AC200EDF32B /* StringExtensionLocalized.swift */; };
		31D0C42D2A9A767000EDF32B /* TextField + Extension.swift in Sources */ = {isa = PBXBuildFile; fileRef = 31D0C42C2A9A767000EDF32B /* TextField + Extension.swift */; };
		31D43C832D34FAF80068046E /* food_database.json in Resources */ = {isa = PBXBuildFile; fileRef = 31D43C822D34FAE90068046E /* food_database.json */; };
		31D43C852D35527E0068046E /* DateFormatterManager.swift in Sources */ = {isa = PBXBuildFile; fileRef = 31D43C842D35527E0068046E /* DateFormatterManager.swift */; };
		31D43C9D2D3596B70068046E /* AddFoodInteractor.swift in Sources */ = {isa = PBXBuildFile; fileRef = 31D43C962D3596B70068046E /* AddFoodInteractor.swift */; };
		31D43C9E2D3596B70068046E /* AddFoodWorker.swift in Sources */ = {isa = PBXBuildFile; fileRef = 31D43C9C2D3596B70068046E /* AddFoodWorker.swift */; };
		31D43C9F2D3596B70068046E /* AddFoodRouter.swift in Sources */ = {isa = PBXBuildFile; fileRef = 31D43C992D3596B70068046E /* AddFoodRouter.swift */; };
		31D43CA02D3596B70068046E /* AddFoodPresenter.swift in Sources */ = {isa = PBXBuildFile; fileRef = 31D43C982D3596B70068046E /* AddFoodPresenter.swift */; };
		31D43CA12D3596B70068046E /* AddFoodModels.swift in Sources */ = {isa = PBXBuildFile; fileRef = 31D43C972D3596B70068046E /* AddFoodModels.swift */; };
		31D43CA22D3596B70068046E /* AddFoodViewController.swift in Sources */ = {isa = PBXBuildFile; fileRef = 31D43C9A2D3596B70068046E /* AddFoodViewController.swift */; };
		31D456A92A5D315200FDFDFB /* DateCalculatorManager.swift in Sources */ = {isa = PBXBuildFile; fileRef = 31D456A82A5D315200FDFDFB /* DateCalculatorManager.swift */; };
		31DA20D62839553600DCE421 /* FoodModel.swift in Sources */ = {isa = PBXBuildFile; fileRef = 31DA20D52839553600DCE421 /* FoodModel.swift */; };
		31E21F432C117B94007B74B5 /* AddMyFoodCollectionViewCell.xib in Resources */ = {isa = PBXBuildFile; fileRef = 31E21F422C117B94007B74B5 /* AddMyFoodCollectionViewCell.xib */; };
		31E21F442C117B94007B74B5 /* AddMyFoodCollectionViewCell.swift in Sources */ = {isa = PBXBuildFile; fileRef = 31E21F412C117B94007B74B5 /* AddMyFoodCollectionViewCell.swift */; };
		31EC35F82DF047B70057148B /* LocalizationHelper.swift in Sources */ = {isa = PBXBuildFile; fileRef = 31EC35F72DF047B70057148B /* LocalizationHelper.swift */; };
		31EC35FA2DF050B40057148B /* MigrationManager.swift in Sources */ = {isa = PBXBuildFile; fileRef = 31EC35F92DF050B40057148B /* MigrationManager.swift */; };
		31EC35FC2DF05A700057148B /* NotificationManager.swift in Sources */ = {isa = PBXBuildFile; fileRef = 31EC35FB2DF05A700057148B /* NotificationManager.swift */; };
		31EC36152DF0C20B0057148B /* InfoPlist.strings in Resources */ = {isa = PBXBuildFile; fileRef = 31EC36132DF0C20B0057148B /* InfoPlist.strings */; };
		31FA89192BC90DD5005EA855 /* MyFoodPresenter.swift in Sources */ = {isa = PBXBuildFile; fileRef = 31FA89122BC90DD5005EA855 /* MyFoodPresenter.swift */; };
		31FA891A2BC90DD5005EA855 /* MyFoodWorker.swift in Sources */ = {isa = PBXBuildFile; fileRef = 31FA89132BC90DD5005EA855 /* MyFoodWorker.swift */; };
		31FA891B2BC90DD5005EA855 /* MyFoodRouter.swift in Sources */ = {isa = PBXBuildFile; fileRef = 31FA89142BC90DD5005EA855 /* MyFoodRouter.swift */; };
		31FA891C2BC90DD5005EA855 /* MyFoodModels.swift in Sources */ = {isa = PBXBuildFile; fileRef = 31FA89152BC90DD5005EA855 /* MyFoodModels.swift */; };
		31FA891D2BC90DD5005EA855 /* MyFoodViewController.swift in Sources */ = {isa = PBXBuildFile; fileRef = 31FA89162BC90DD5005EA855 /* MyFoodViewController.swift */; };
		31FA891E2BC90DD5005EA855 /* MyFoodInteractor.swift in Sources */ = {isa = PBXBuildFile; fileRef = 31FA89172BC90DD5005EA855 /* MyFoodInteractor.swift */; };
		31FD7DEC2D6E4D76001E07DA /* UIViewControllerAnimatedTransitioning + Extension.swift in Sources */ = {isa = PBXBuildFile; fileRef = 31FD7DEB2D6E4D76001E07DA /* UIViewControllerAnimatedTransitioning + Extension.swift */; };
		31FD7DF62D706586001E07DA /* AddShoppingListPresenter.swift in Sources */ = {isa = PBXBuildFile; fileRef = 31FD7DF02D706586001E07DA /* AddShoppingListPresenter.swift */; };
		31FD7DF72D706586001E07DA /* AddShoppingListRouter.swift in Sources */ = {isa = PBXBuildFile; fileRef = 31FD7DF12D706586001E07DA /* AddShoppingListRouter.swift */; };
		31FD7DF82D706586001E07DA /* AddShoppingListInteractor.swift in Sources */ = {isa = PBXBuildFile; fileRef = 31FD7DEE2D706586001E07DA /* AddShoppingListInteractor.swift */; };
		31FD7DF92D706586001E07DA /* AddShoppingListWorker.swift in Sources */ = {isa = PBXBuildFile; fileRef = 31FD7DF42D706586001E07DA /* AddShoppingListWorker.swift */; };
		31FD7DFA2D706586001E07DA /* AddShoppingListModels.swift in Sources */ = {isa = PBXBuildFile; fileRef = 31FD7DEF2D706586001E07DA /* AddShoppingListModels.swift */; };
		31FD7DFB2D706586001E07DA /* AddShoppingListViewController.swift in Sources */ = {isa = PBXBuildFile; fileRef = 31FD7DF22D706586001E07DA /* AddShoppingListViewController.swift */; };
		6ECD83FB85B2923A8084AE34 /* Pods_FoodAtHome.framework in Frameworks */ = {isa = PBXBuildFile; fileRef = DBF55CC3095E30758618C3E1 /* Pods_FoodAtHome.framework */; };
/* End PBXBuildFile section */

/* Begin PBXFileReference section */
		310AC9E32A6D7A2F0055E013 /* PickerPropertiesManager.swift */ = {isa = PBXFileReference; lastKnownFileType = sourcecode.swift; path = PickerPropertiesManager.swift; sourceTree = "<group>"; };
		310D68692C8DF07A001D791E /* CategoriesCollectionViewCell.swift */ = {isa = PBXFileReference; lastKnownFileType = sourcecode.swift; name = CategoriesCollectionViewCell.swift; path = FoodAtHome/Cells/ChoiseFoodCategoriesCollectionViewCell/CategoriesCollectionViewCell.swift; sourceTree = SOURCE_ROOT; };
		3123E3122CBE275600ACE2AC /* TabBarController.swift */ = {isa = PBXFileReference; lastKnownFileType = sourcecode.swift; path = TabBarController.swift; sourceTree = "<group>"; };
		3123E31C2CBE6F1E00ACE2AC /* ShoppingListInteractor.swift */ = {isa = PBXFileReference; lastKnownFileType = sourcecode.swift; path = ShoppingListInteractor.swift; sourceTree = "<group>"; };
		3123E31D2CBE6F1E00ACE2AC /* ShoppingListModels.swift */ = {isa = PBXFileReference; lastKnownFileType = sourcecode.swift; path = ShoppingListModels.swift; sourceTree = "<group>"; };
		3123E31E2CBE6F1E00ACE2AC /* ShoppingListPresenter.swift */ = {isa = PBXFileReference; lastKnownFileType = sourcecode.swift; path = ShoppingListPresenter.swift; sourceTree = "<group>"; };
		3123E31F2CBE6F1E00ACE2AC /* ShoppingListRouter.swift */ = {isa = PBXFileReference; lastKnownFileType = sourcecode.swift; path = ShoppingListRouter.swift; sourceTree = "<group>"; };
		3123E3202CBE6F1E00ACE2AC /* ShoppingListViewController.swift */ = {isa = PBXFileReference; lastKnownFileType = sourcecode.swift; path = ShoppingListViewController.swift; sourceTree = "<group>"; };
		3123E3222CBE6F1E00ACE2AC /* ShoppingListWorker.swift */ = {isa = PBXFileReference; lastKnownFileType = sourcecode.swift; path = ShoppingListWorker.swift; sourceTree = "<group>"; };
		3123E32A2CBE708400ACE2AC /* SettingsInteractor.swift */ = {isa = PBXFileReference; lastKnownFileType = sourcecode.swift; path = SettingsInteractor.swift; sourceTree = "<group>"; };
		3123E32B2CBE708400ACE2AC /* SettingsModels.swift */ = {isa = PBXFileReference; lastKnownFileType = sourcecode.swift; path = SettingsModels.swift; sourceTree = "<group>"; };
		3123E32C2CBE708400ACE2AC /* SettingsPresenter.swift */ = {isa = PBXFileReference; lastKnownFileType = sourcecode.swift; path = SettingsPresenter.swift; sourceTree = "<group>"; };
		3123E32D2CBE708400ACE2AC /* SettingsRouter.swift */ = {isa = PBXFileReference; lastKnownFileType = sourcecode.swift; path = SettingsRouter.swift; sourceTree = "<group>"; };
		3123E32E2CBE708400ACE2AC /* SettingsViewController.swift */ = {isa = PBXFileReference; lastKnownFileType = sourcecode.swift; path = SettingsViewController.swift; sourceTree = "<group>"; };
		3123E3302CBE708400ACE2AC /* SettingsWorker.swift */ = {isa = PBXFileReference; lastKnownFileType = sourcecode.swift; path = SettingsWorker.swift; sourceTree = "<group>"; };
		313153352AB8D22F00A3E11D /* ContextualActionViewManager.swift */ = {isa = PBXFileReference; lastKnownFileType = sourcecode.swift; path = ContextualActionViewManager.swift; sourceTree = "<group>"; };
		3139EE502C4A68D100AEC1F2 /* CategoriesManager.swift */ = {isa = PBXFileReference; lastKnownFileType = sourcecode.swift; path = CategoriesManager.swift; sourceTree = "<group>"; };
		3139EE532C4D2D8D00AEC1F2 /* CategoryDetailsPresenter.swift */ = {isa = PBXFileReference; lastKnownFileType = sourcecode.swift; path = CategoryDetailsPresenter.swift; sourceTree = "<group>"; };
		3139EE542C4D2D8D00AEC1F2 /* CategoryDetailsWorker.swift */ = {isa = PBXFileReference; lastKnownFileType = sourcecode.swift; path = CategoryDetailsWorker.swift; sourceTree = "<group>"; };
		3139EE552C4D2D8D00AEC1F2 /* CategoryDetailsRouter.swift */ = {isa = PBXFileReference; lastKnownFileType = sourcecode.swift; path = CategoryDetailsRouter.swift; sourceTree = "<group>"; };
		3139EE562C4D2D8D00AEC1F2 /* CategoryDetailsModels.swift */ = {isa = PBXFileReference; lastKnownFileType = sourcecode.swift; path = CategoryDetailsModels.swift; sourceTree = "<group>"; };
		3139EE572C4D2D8D00AEC1F2 /* CategoryDetailsViewController.swift */ = {isa = PBXFileReference; lastKnownFileType = sourcecode.swift; path = CategoryDetailsViewController.swift; sourceTree = "<group>"; };
		3139EE582C4D2D8D00AEC1F2 /* CategoryDetailsInteractor.swift */ = {isa = PBXFileReference; lastKnownFileType = sourcecode.swift; path = CategoryDetailsInteractor.swift; sourceTree = "<group>"; };
		3139EE692C4EAF4300AEC1F2 /* CategoryDetailsFoodCell.swift */ = {isa = PBXFileReference; lastKnownFileType = sourcecode.swift; path = CategoryDetailsFoodCell.swift; sourceTree = "<group>"; };
		3139EE6A2C4EAF4300AEC1F2 /* CategoryDetailsFoodCell.xib */ = {isa = PBXFileReference; lastKnownFileType = file.xib; path = CategoryDetailsFoodCell.xib; sourceTree = "<group>"; };
		3139EE6F2C52591000AEC1F2 /* CategoryDetailsHeaderView.swift */ = {isa = PBXFileReference; lastKnownFileType = sourcecode.swift; path = CategoryDetailsHeaderView.swift; sourceTree = "<group>"; };
		3139EE712C52593300AEC1F2 /* CategoryDetailsHeaderView.xib */ = {isa = PBXFileReference; lastKnownFileType = file.xib; path = CategoryDetailsHeaderView.xib; sourceTree = "<group>"; };
		3139EE982C663E0C00AEC1F2 /* GradientForHeaderView.swift */ = {isa = PBXFileReference; lastKnownFileType = sourcecode.swift; path = GradientForHeaderView.swift; sourceTree = "<group>"; };
		3139EE9A2C66575A00AEC1F2 /* .gitignore */ = {isa = PBXFileReference; lastKnownFileType = text; path = .gitignore; sourceTree = "<group>"; };
		314E67E12DD4F45200EC6E78 /* SetLanguageCell.swift */ = {isa = PBXFileReference; lastKnownFileType = sourcecode.swift; path = SetLanguageCell.swift; sourceTree = "<group>"; };
		314E67E32DD4F46000EC6E78 /* SetAppearanceCell.swift */ = {isa = PBXFileReference; lastKnownFileType = sourcecode.swift; path = SetAppearanceCell.swift; sourceTree = "<group>"; };
		314E67E52DD4F46800EC6E78 /* InformationCell.swift */ = {isa = PBXFileReference; lastKnownFileType = sourcecode.swift; path = InformationCell.swift; sourceTree = "<group>"; };
		314E67F22DDC995300EC6E78 /* LanguageManager.swift */ = {isa = PBXFileReference; lastKnownFileType = sourcecode.swift; path = LanguageManager.swift; sourceTree = "<group>"; };
		314E67F42DDC9AD500EC6E78 /* en */ = {isa = PBXFileReference; lastKnownFileType = text.plist.strings; name = en; path = en.lproj/Localizable.strings; sourceTree = "<group>"; };
		314E67F62DDCB2D400EC6E78 /* LaunchViewController.swift */ = {isa = PBXFileReference; lastKnownFileType = sourcecode.swift; path = LaunchViewController.swift; sourceTree = "<group>"; };
		314ECCA02D9151900047EDBB /* Date + Extension.swift */ = {isa = PBXFileReference; lastKnownFileType = sourcecode.swift; path = "Date + Extension.swift"; sourceTree = "<group>"; };
		317F50E5286DB4C90049B64B /* UIColor + Extension.swift */ = {isa = PBXFileReference; lastKnownFileType = sourcecode.swift; path = "UIColor + Extension.swift"; sourceTree = "<group>"; };
		318701A02A4E019C0079848C /* DateManager.swift */ = {isa = PBXFileReference; lastKnownFileType = sourcecode.swift; path = DateManager.swift; sourceTree = "<group>"; };
		3188955C2BC479EA00ABD040 /* Assets.xcassets */ = {isa = PBXFileReference; lastKnownFileType = folder.assetcatalog; path = Assets.xcassets; sourceTree = "<group>"; };
		31A545E32DD38FCC0051F1C4 /* ru */ = {isa = PBXFileReference; lastKnownFileType = text.plist.strings; name = ru; path = ru.lproj/Localizable.strings; sourceTree = "<group>"; };
		31A545EC2DD390340051F1C4 /* Base */ = {isa = PBXFileReference; lastKnownFileType = file.storyboard; name = Base; path = Base.lproj/Main.storyboard; sourceTree = "<group>"; };
		31A545EF2DD390340051F1C4 /* mul */ = {isa = PBXFileReference; lastKnownFileType = text.json.xcstrings; name = mul; path = mul.lproj/Main.xcstrings; sourceTree = "<group>"; };
		31B1C5EC2BC7F5E300C6D43F /* AppDelegate.swift */ = {isa = PBXFileReference; fileEncoding = 4; lastKnownFileType = sourcecode.swift; path = AppDelegate.swift; sourceTree = "<group>"; };
		31B1C5FB2BC8001B00C6D43F /* Inter-SemiBold.otf */ = {isa = PBXFileReference; lastKnownFileType = file; path = "Inter-SemiBold.otf"; sourceTree = "<group>"; };
		31B1C5FC2BC8001B00C6D43F /* pobeda-bold.ttf */ = {isa = PBXFileReference; lastKnownFileType = file; path = "pobeda-bold.ttf"; sourceTree = "<group>"; };
		31B1C5FD2BC8001B00C6D43F /* Inter-Light.otf */ = {isa = PBXFileReference; lastKnownFileType = file; path = "Inter-Light.otf"; sourceTree = "<group>"; };
		31B1C5FE2BC8001B00C6D43F /* Inter-Bold.otf */ = {isa = PBXFileReference; lastKnownFileType = file; path = "Inter-Bold.otf"; sourceTree = "<group>"; };
		31B1C5FF2BC8001B00C6D43F /* Inter-ExtraLight.otf */ = {isa = PBXFileReference; lastKnownFileType = file; path = "Inter-ExtraLight.otf"; sourceTree = "<group>"; };
		31B1C6002BC8001B00C6D43F /* pobeda-regular.ttf */ = {isa = PBXFileReference; lastKnownFileType = file; path = "pobeda-regular.ttf"; sourceTree = "<group>"; };
		31B1C6012BC8001B00C6D43F /* Inter.ttf */ = {isa = PBXFileReference; lastKnownFileType = file; path = Inter.ttf; sourceTree = "<group>"; };
		31BA20C72CC01A8400475B7A /* ShoppingListTableViewCell.swift */ = {isa = PBXFileReference; lastKnownFileType = sourcecode.swift; path = ShoppingListTableViewCell.swift; sourceTree = "<group>"; };
		31BA20C82CC01A8400475B7A /* ShoppingListTableViewCell.xib */ = {isa = PBXFileReference; lastKnownFileType = file.xib; path = ShoppingListTableViewCell.xib; sourceTree = "<group>"; };
		31C6245E2C776821004E83B7 /* MyFoodDetailsPopupMenu+Extension+Animate.swift */ = {isa = PBXFileReference; lastKnownFileType = sourcecode.swift; path = "MyFoodDetailsPopupMenu+Extension+Animate.swift"; sourceTree = "<group>"; };
		31C624612C7DBABC004E83B7 /* ChoiseFoodPresenter.swift */ = {isa = PBXFileReference; lastKnownFileType = sourcecode.swift; path = ChoiseFoodPresenter.swift; sourceTree = "<group>"; };
		31C624622C7DBABC004E83B7 /* ChoiseFoodWorker.swift */ = {isa = PBXFileReference; lastKnownFileType = sourcecode.swift; path = ChoiseFoodWorker.swift; sourceTree = "<group>"; };
		31C624632C7DBABC004E83B7 /* ChoiseFoodRouter.swift */ = {isa = PBXFileReference; lastKnownFileType = sourcecode.swift; path = ChoiseFoodRouter.swift; sourceTree = "<group>"; };
		31C624642C7DBABC004E83B7 /* ChoiseFoodModels.swift */ = {isa = PBXFileReference; lastKnownFileType = sourcecode.swift; path = ChoiseFoodModels.swift; sourceTree = "<group>"; };
		31C624652C7DBABC004E83B7 /* ChoiseFoodViewController.swift */ = {isa = PBXFileReference; lastKnownFileType = sourcecode.swift; path = ChoiseFoodViewController.swift; sourceTree = "<group>"; };
		31C624662C7DBABC004E83B7 /* ChoiseFoodInteractor.swift */ = {isa = PBXFileReference; lastKnownFileType = sourcecode.swift; path = ChoiseFoodInteractor.swift; sourceTree = "<group>"; };
		31C624702C7EF5EC004E83B7 /* PopUpMenuPositionModel.swift */ = {isa = PBXFileReference; lastKnownFileType = sourcecode.swift; path = PopUpMenuPositionModel.swift; sourceTree = "<group>"; };
		31C7B02B2C81A6D100C41CE3 /* FoodListTableViewCell.swift */ = {isa = PBXFileReference; lastKnownFileType = sourcecode.swift; path = FoodListTableViewCell.swift; sourceTree = "<group>"; };
		31C7B02C2C81A6D100C41CE3 /* FoodListTableViewCell.xib */ = {isa = PBXFileReference; lastKnownFileType = file.xib; path = FoodListTableViewCell.xib; sourceTree = "<group>"; };
		31CFBD292BCED856004C75A8 /* CategoryMyFoodCollectionViewCell.xib */ = {isa = PBXFileReference; lastKnownFileType = file.xib; path = CategoryMyFoodCollectionViewCell.xib; sourceTree = "<group>"; };
		31CFBD2D2BCEDA62004C75A8 /* CategoryMyFoodCollectionViewCell.swift */ = {isa = PBXFileReference; lastKnownFileType = sourcecode.swift; path = CategoryMyFoodCollectionViewCell.swift; sourceTree = "<group>"; };
		31CFBD312BCEF211004C75A8 /* UIViewController + StoryBoard.swift */ = {isa = PBXFileReference; lastKnownFileType = sourcecode.swift; name = "UIViewController + StoryBoard.swift"; path = "FoodAtHome/Helpers/UIViewController + StoryBoard.swift"; sourceTree = SOURCE_ROOT; };
		31CFBD382BD130A0004C75A8 /* MyFoodCollectionViewCell.swift */ = {isa = PBXFileReference; lastKnownFileType = sourcecode.swift; path = MyFoodCollectionViewCell.swift; sourceTree = "<group>"; };
		31CFBD392BD130A0004C75A8 /* MyFoodCollectionViewCell.xib */ = {isa = PBXFileReference; lastKnownFileType = file.xib; path = MyFoodCollectionViewCell.xib; sourceTree = "<group>"; };
		31CFBD3C2BD7DE51004C75A8 /* DataManager.swift */ = {isa = PBXFileReference; lastKnownFileType = sourcecode.swift; path = DataManager.swift; sourceTree = "<group>"; };
		31CFBD452BD91D32004C75A8 /* UIView + Extensions.swift */ = {isa = PBXFileReference; lastKnownFileType = sourcecode.swift; path = "UIView + Extensions.swift"; sourceTree = "<group>"; };
		31CFBD4C2BD93927004C75A8 /* MyFoodDetailsPopupMenu.swift */ = {isa = PBXFileReference; lastKnownFileType = sourcecode.swift; path = MyFoodDetailsPopupMenu.swift; sourceTree = "<group>"; };
		31CFBD4E2BD93933004C75A8 /* MyFoodDetailsPopupMenu.xib */ = {isa = PBXFileReference; lastKnownFileType = file.xib; path = MyFoodDetailsPopupMenu.xib; sourceTree = "<group>"; };
		31D0C4242A9A1AC200EDF32B /* StringExtensionLocalized.swift */ = {isa = PBXFileReference; lastKnownFileType = sourcecode.swift; path = StringExtensionLocalized.swift; sourceTree = "<group>"; };
		31D0C42C2A9A767000EDF32B /* TextField + Extension.swift */ = {isa = PBXFileReference; lastKnownFileType = sourcecode.swift; path = "TextField + Extension.swift"; sourceTree = "<group>"; };
		31D43C822D34FAE90068046E /* food_database.json */ = {isa = PBXFileReference; lastKnownFileType = text.json; path = food_database.json; sourceTree = "<group>"; };
		31D43C842D35527E0068046E /* DateFormatterManager.swift */ = {isa = PBXFileReference; lastKnownFileType = sourcecode.swift; path = DateFormatterManager.swift; sourceTree = "<group>"; };
		31D43C962D3596B70068046E /* AddFoodInteractor.swift */ = {isa = PBXFileReference; lastKnownFileType = sourcecode.swift; path = AddFoodInteractor.swift; sourceTree = "<group>"; };
		31D43C972D3596B70068046E /* AddFoodModels.swift */ = {isa = PBXFileReference; lastKnownFileType = sourcecode.swift; path = AddFoodModels.swift; sourceTree = "<group>"; };
		31D43C982D3596B70068046E /* AddFoodPresenter.swift */ = {isa = PBXFileReference; lastKnownFileType = sourcecode.swift; path = AddFoodPresenter.swift; sourceTree = "<group>"; };
		31D43C992D3596B70068046E /* AddFoodRouter.swift */ = {isa = PBXFileReference; lastKnownFileType = sourcecode.swift; path = AddFoodRouter.swift; sourceTree = "<group>"; };
		31D43C9A2D3596B70068046E /* AddFoodViewController.swift */ = {isa = PBXFileReference; lastKnownFileType = sourcecode.swift; path = AddFoodViewController.swift; sourceTree = "<group>"; };
		31D43C9C2D3596B70068046E /* AddFoodWorker.swift */ = {isa = PBXFileReference; lastKnownFileType = sourcecode.swift; path = AddFoodWorker.swift; sourceTree = "<group>"; };
		31D456A82A5D315200FDFDFB /* DateCalculatorManager.swift */ = {isa = PBXFileReference; lastKnownFileType = sourcecode.swift; path = DateCalculatorManager.swift; sourceTree = "<group>"; };
		31DA20BE2839488900DCE421 /* FoodAtHome.app */ = {isa = PBXFileReference; explicitFileType = wrapper.application; includeInIndex = 0; path = FoodAtHome.app; sourceTree = BUILT_PRODUCTS_DIR; };
		31DA20D52839553600DCE421 /* FoodModel.swift */ = {isa = PBXFileReference; lastKnownFileType = sourcecode.swift; path = FoodModel.swift; sourceTree = "<group>"; };
		31E21F412C117B94007B74B5 /* AddMyFoodCollectionViewCell.swift */ = {isa = PBXFileReference; lastKnownFileType = sourcecode.swift; path = AddMyFoodCollectionViewCell.swift; sourceTree = "<group>"; };
		31E21F422C117B94007B74B5 /* AddMyFoodCollectionViewCell.xib */ = {isa = PBXFileReference; lastKnownFileType = file.xib; path = AddMyFoodCollectionViewCell.xib; sourceTree = "<group>"; };
		31EC35F72DF047B70057148B /* LocalizationHelper.swift */ = {isa = PBXFileReference; lastKnownFileType = sourcecode.swift; path = LocalizationHelper.swift; sourceTree = "<group>"; };
		31EC35F92DF050B40057148B /* MigrationManager.swift */ = {isa = PBXFileReference; lastKnownFileType = sourcecode.swift; path = MigrationManager.swift; sourceTree = "<group>"; };
		31EC35FB2DF05A700057148B /* NotificationManager.swift */ = {isa = PBXFileReference; lastKnownFileType = sourcecode.swift; path = NotificationManager.swift; sourceTree = "<group>"; };
		31EC36122DF0C1EC0057148B /* Info.plist */ = {isa = PBXFileReference; lastKnownFileType = text.plist; path = Info.plist; sourceTree = "<group>"; };
		31EC36142DF0C20B0057148B /* en */ = {isa = PBXFileReference; lastKnownFileType = text.plist.strings; name = en; path = en.lproj/InfoPlist.strings; sourceTree = "<group>"; };
		31EC36162DF0C20E0057148B /* ru */ = {isa = PBXFileReference; lastKnownFileType = text.plist.strings; name = ru; path = ru.lproj/InfoPlist.strings; sourceTree = "<group>"; };
		31FA89122BC90DD5005EA855 /* MyFoodPresenter.swift */ = {isa = PBXFileReference; lastKnownFileType = sourcecode.swift; path = MyFoodPresenter.swift; sourceTree = "<group>"; };
		31FA89132BC90DD5005EA855 /* MyFoodWorker.swift */ = {isa = PBXFileReference; lastKnownFileType = sourcecode.swift; path = MyFoodWorker.swift; sourceTree = "<group>"; };
		31FA89142BC90DD5005EA855 /* MyFoodRouter.swift */ = {isa = PBXFileReference; lastKnownFileType = sourcecode.swift; path = MyFoodRouter.swift; sourceTree = "<group>"; };
		31FA89152BC90DD5005EA855 /* MyFoodModels.swift */ = {isa = PBXFileReference; lastKnownFileType = sourcecode.swift; path = MyFoodModels.swift; sourceTree = "<group>"; };
		31FA89162BC90DD5005EA855 /* MyFoodViewController.swift */ = {isa = PBXFileReference; lastKnownFileType = sourcecode.swift; path = MyFoodViewController.swift; sourceTree = "<group>"; };
		31FA89172BC90DD5005EA855 /* MyFoodInteractor.swift */ = {isa = PBXFileReference; lastKnownFileType = sourcecode.swift; path = MyFoodInteractor.swift; sourceTree = "<group>"; };
		31FD7DEB2D6E4D76001E07DA /* UIViewControllerAnimatedTransitioning + Extension.swift */ = {isa = PBXFileReference; lastKnownFileType = sourcecode.swift; path = "UIViewControllerAnimatedTransitioning + Extension.swift"; sourceTree = "<group>"; };
		31FD7DEE2D706586001E07DA /* AddShoppingListInteractor.swift */ = {isa = PBXFileReference; lastKnownFileType = sourcecode.swift; path = AddShoppingListInteractor.swift; sourceTree = "<group>"; };
		31FD7DEF2D706586001E07DA /* AddShoppingListModels.swift */ = {isa = PBXFileReference; lastKnownFileType = sourcecode.swift; path = AddShoppingListModels.swift; sourceTree = "<group>"; };
		31FD7DF02D706586001E07DA /* AddShoppingListPresenter.swift */ = {isa = PBXFileReference; lastKnownFileType = sourcecode.swift; path = AddShoppingListPresenter.swift; sourceTree = "<group>"; };
		31FD7DF12D706586001E07DA /* AddShoppingListRouter.swift */ = {isa = PBXFileReference; lastKnownFileType = sourcecode.swift; path = AddShoppingListRouter.swift; sourceTree = "<group>"; };
		31FD7DF22D706586001E07DA /* AddShoppingListViewController.swift */ = {isa = PBXFileReference; lastKnownFileType = sourcecode.swift; path = AddShoppingListViewController.swift; sourceTree = "<group>"; };
		31FD7DF42D706586001E07DA /* AddShoppingListWorker.swift */ = {isa = PBXFileReference; lastKnownFileType = sourcecode.swift; path = AddShoppingListWorker.swift; sourceTree = "<group>"; };
		5B5B4EBF3CEE5A3EC63BC9B2 /* Pods-FoodAtHome.debug.xcconfig */ = {isa = PBXFileReference; includeInIndex = 1; lastKnownFileType = text.xcconfig; name = "Pods-FoodAtHome.debug.xcconfig"; path = "Target Support Files/Pods-FoodAtHome/Pods-FoodAtHome.debug.xcconfig"; sourceTree = "<group>"; };
		67C74604784AE7BBE71EB589 /* Pods-FoodAtHome.release.xcconfig */ = {isa = PBXFileReference; includeInIndex = 1; lastKnownFileType = text.xcconfig; name = "Pods-FoodAtHome.release.xcconfig"; path = "Target Support Files/Pods-FoodAtHome/Pods-FoodAtHome.release.xcconfig"; sourceTree = "<group>"; };
		DBF55CC3095E30758618C3E1 /* Pods_FoodAtHome.framework */ = {isa = PBXFileReference; explicitFileType = wrapper.framework; includeInIndex = 0; path = Pods_FoodAtHome.framework; sourceTree = BUILT_PRODUCTS_DIR; };
/* End PBXFileReference section */

/* Begin PBXFrameworksBuildPhase section */
		31DA20BB2839488900DCE421 /* Frameworks */ = {
			isa = PBXFrameworksBuildPhase;
			buildActionMask = 2147483647;
			files = (
				6ECD83FB85B2923A8084AE34 /* Pods_FoodAtHome.framework in Frameworks */,
			);
			runOnlyForDeploymentPostprocessing = 0;
		};
/* End PBXFrameworksBuildPhase section */

/* Begin PBXGroup section */
		0838A26D427A9BC2DB563F13 /* Frameworks */ = {
			isa = PBXGroup;
			children = (
				DBF55CC3095E30758618C3E1 /* Pods_FoodAtHome.framework */,
			);
			name = Frameworks;
			sourceTree = "<group>";
		};
		2BF38B1D33C4955E3DD1E527 /* Pods */ = {
			isa = PBXGroup;
			children = (
				5B5B4EBF3CEE5A3EC63BC9B2 /* Pods-FoodAtHome.debug.xcconfig */,
				67C74604784AE7BBE71EB589 /* Pods-FoodAtHome.release.xcconfig */,
			);
			path = Pods;
			sourceTree = "<group>";
		};
		3123E30F2CBD5B8D00ACE2AC /* ShoppingListScene */ = {
			isa = PBXGroup;
			children = (
				3123E3202CBE6F1E00ACE2AC /* ShoppingListViewController.swift */,
				3123E31C2CBE6F1E00ACE2AC /* ShoppingListInteractor.swift */,
				3123E31E2CBE6F1E00ACE2AC /* ShoppingListPresenter.swift */,
				3123E31D2CBE6F1E00ACE2AC /* ShoppingListModels.swift */,
				3123E31F2CBE6F1E00ACE2AC /* ShoppingListRouter.swift */,
				3123E3222CBE6F1E00ACE2AC /* ShoppingListWorker.swift */,
			);
			path = ShoppingListScene;
			sourceTree = "<group>";
		};
		3123E3102CBD5BF600ACE2AC /* SettingsScene */ = {
			isa = PBXGroup;
			children = (
				3123E32E2CBE708400ACE2AC /* SettingsViewController.swift */,
				3123E32A2CBE708400ACE2AC /* SettingsInteractor.swift */,
				3123E32C2CBE708400ACE2AC /* SettingsPresenter.swift */,
				3123E32B2CBE708400ACE2AC /* SettingsModels.swift */,
				3123E32D2CBE708400ACE2AC /* SettingsRouter.swift */,
				3123E3302CBE708400ACE2AC /* SettingsWorker.swift */,
			);
			path = SettingsScene;
			sourceTree = "<group>";
		};
		3123E3112CBE274400ACE2AC /* TabBarView */ = {
			isa = PBXGroup;
			children = (
				3123E3122CBE275600ACE2AC /* TabBarController.swift */,
			);
			path = TabBarView;
			sourceTree = "<group>";
		};
		31372FDF2849C6A4009F1747 /* Models */ = {
			isa = PBXGroup;
			children = (
				31DA20D52839553600DCE421 /* FoodModel.swift */,
				31C624702C7EF5EC004E83B7 /* PopUpMenuPositionModel.swift */,
			);
			path = Models;
			sourceTree = "<group>";
		};
		3139EE522C4D2D5300AEC1F2 /* CategoryDetailsScene */ = {
			isa = PBXGroup;
			children = (
				3139EE572C4D2D8D00AEC1F2 /* CategoryDetailsViewController.swift */,
				3139EE582C4D2D8D00AEC1F2 /* CategoryDetailsInteractor.swift */,
				3139EE532C4D2D8D00AEC1F2 /* CategoryDetailsPresenter.swift */,
				3139EE542C4D2D8D00AEC1F2 /* CategoryDetailsWorker.swift */,
				3139EE552C4D2D8D00AEC1F2 /* CategoryDetailsRouter.swift */,
				3139EE562C4D2D8D00AEC1F2 /* CategoryDetailsModels.swift */,
			);
			path = CategoryDetailsScene;
			sourceTree = "<group>";
		};
		3139EE642C4EAD0100AEC1F2 /* Storyboards */ = {
			isa = PBXGroup;
			children = (
				31A545ED2DD390340051F1C4 /* Main.storyboard */,
			);
			path = Storyboards;
			sourceTree = "<group>";
		};
		3146EF872BC7F2F3002E9BF5 /* Fonts */ = {
			isa = PBXGroup;
			children = (
				31B1C5FE2BC8001B00C6D43F /* Inter-Bold.otf */,
				31B1C5FF2BC8001B00C6D43F /* Inter-ExtraLight.otf */,
				31B1C5FD2BC8001B00C6D43F /* Inter-Light.otf */,
				31B1C5FB2BC8001B00C6D43F /* Inter-SemiBold.otf */,
				31B1C6012BC8001B00C6D43F /* Inter.ttf */,
				31B1C5FC2BC8001B00C6D43F /* pobeda-bold.ttf */,
				31B1C6002BC8001B00C6D43F /* pobeda-regular.ttf */,
			);
			path = Fonts;
			sourceTree = "<group>";
		};
		314E67E02DD4F42600EC6E78 /* SettingsTableViewCells */ = {
			isa = PBXGroup;
			children = (
				314E67E12DD4F45200EC6E78 /* SetLanguageCell.swift */,
				314E67E32DD4F46000EC6E78 /* SetAppearanceCell.swift */,
				314E67E52DD4F46800EC6E78 /* InformationCell.swift */,
			);
			path = SettingsTableViewCells;
			sourceTree = "<group>";
		};
		314E67F52DDCB2C400EC6E78 /* LaunchScene */ = {
			isa = PBXGroup;
			children = (
				314E67F62DDCB2D400EC6E78 /* LaunchViewController.swift */,
			);
			path = LaunchScene;
			sourceTree = "<group>";
		};
		316D2A892C9AC11B00D6A54A /* CategoryDetailsFoodCell */ = {
			isa = PBXGroup;
			children = (
				3139EE692C4EAF4300AEC1F2 /* CategoryDetailsFoodCell.swift */,
				3139EE6A2C4EAF4300AEC1F2 /* CategoryDetailsFoodCell.xib */,
			);
			path = CategoryDetailsFoodCell;
			sourceTree = "<group>";
		};
		316D2A8A2C9AC13C00D6A54A /* CategoryDetailsHeaderView */ = {
			isa = PBXGroup;
			children = (
				3139EE6F2C52591000AEC1F2 /* CategoryDetailsHeaderView.swift */,
				3139EE982C663E0C00AEC1F2 /* GradientForHeaderView.swift */,
				3139EE712C52593300AEC1F2 /* CategoryDetailsHeaderView.xib */,
			);
			path = CategoryDetailsHeaderView;
			sourceTree = "<group>";
		};
		316D2A8B2C9AC16600D6A54A /* ChoiseFoodCategoriesCollectionViewCell */ = {
			isa = PBXGroup;
			children = (
				310D68692C8DF07A001D791E /* CategoriesCollectionViewCell.swift */,
			);
			path = ChoiseFoodCategoriesCollectionViewCell;
			sourceTree = "<group>";
		};
		31BA20C62CC019ED00475B7A /* ShoppingListTableViewCell */ = {
			isa = PBXGroup;
			children = (
				31BA20C72CC01A8400475B7A /* ShoppingListTableViewCell.swift */,
				31BA20C82CC01A8400475B7A /* ShoppingListTableViewCell.xib */,
			);
			path = ShoppingListTableViewCell;
			sourceTree = "<group>";
		};
		31C6245D2C772EB3004E83B7 /* Scenes */ = {
			isa = PBXGroup;
			children = (
				314E67F52DDCB2C400EC6E78 /* LaunchScene */,
				31FA89112BC90D50005EA855 /* MyFoodScene */,
				3139EE522C4D2D5300AEC1F2 /* CategoryDetailsScene */,
				31C624602C7DBA81004E83B7 /* ChoiseFoodScene */,
				3123E30F2CBD5B8D00ACE2AC /* ShoppingListScene */,
				31D43C952D3596A00068046E /* AddFoodScene */,
				31FD7DED2D706544001E07DA /* AddShoppingListScene */,
				3123E3102CBD5BF600ACE2AC /* SettingsScene */,
			);
			path = Scenes;
			sourceTree = "<group>";
		};
		31C624602C7DBA81004E83B7 /* ChoiseFoodScene */ = {
			isa = PBXGroup;
			children = (
				31C624652C7DBABC004E83B7 /* ChoiseFoodViewController.swift */,
				31C624662C7DBABC004E83B7 /* ChoiseFoodInteractor.swift */,
				31C624612C7DBABC004E83B7 /* ChoiseFoodPresenter.swift */,
				31C624642C7DBABC004E83B7 /* ChoiseFoodModels.swift */,
				31C624622C7DBABC004E83B7 /* ChoiseFoodWorker.swift */,
				31C624632C7DBABC004E83B7 /* ChoiseFoodRouter.swift */,
			);
			path = ChoiseFoodScene;
			sourceTree = "<group>";
		};
		31C7B02A2C81A6AC00C41CE3 /* FoodListTableViewCell */ = {
			isa = PBXGroup;
			children = (
				31C7B02B2C81A6D100C41CE3 /* FoodListTableViewCell.swift */,
				31C7B02C2C81A6D100C41CE3 /* FoodListTableViewCell.xib */,
			);
			path = FoodListTableViewCell;
			sourceTree = "<group>";
		};
		31CFBD2F2BCEDAF7004C75A8 /* CategoryMyFoodCollectionViewCell */ = {
			isa = PBXGroup;
			children = (
				31CFBD292BCED856004C75A8 /* CategoryMyFoodCollectionViewCell.xib */,
				31CFBD2D2BCEDA62004C75A8 /* CategoryMyFoodCollectionViewCell.swift */,
			);
			path = CategoryMyFoodCollectionViewCell;
			sourceTree = "<group>";
		};
		31CFBD302BCEF1F6004C75A8 /* Helpers */ = {
			isa = PBXGroup;
			children = (
				31CFBD312BCEF211004C75A8 /* UIViewController + StoryBoard.swift */,
				31CFBD452BD91D32004C75A8 /* UIView + Extensions.swift */,
				317F50E5286DB4C90049B64B /* UIColor + Extension.swift */,
				31D0C4242A9A1AC200EDF32B /* StringExtensionLocalized.swift */,
				31D0C42C2A9A767000EDF32B /* TextField + Extension.swift */,
				31FD7DEB2D6E4D76001E07DA /* UIViewControllerAnimatedTransitioning + Extension.swift */,
				314ECCA02D9151900047EDBB /* Date + Extension.swift */,
				31EC35F72DF047B70057148B /* LocalizationHelper.swift */,
			);
			path = Helpers;
			sourceTree = "<group>";
		};
		31CFBD372BD13073004C75A8 /* MyFoodCollectionViewCell */ = {
			isa = PBXGroup;
			children = (
				31CFBD392BD130A0004C75A8 /* MyFoodCollectionViewCell.xib */,
				31CFBD382BD130A0004C75A8 /* MyFoodCollectionViewCell.swift */,
			);
			path = MyFoodCollectionViewCell;
			sourceTree = "<group>";
		};
		31CFBD3E2BD7E01E004C75A8 /* Services */ = {
			isa = PBXGroup;
			children = (
				31CFBD3C2BD7DE51004C75A8 /* DataManager.swift */,
				3139EE502C4A68D100AEC1F2 /* CategoriesManager.swift */,
				318701A02A4E019C0079848C /* DateManager.swift */,
				31D456A82A5D315200FDFDFB /* DateCalculatorManager.swift */,
				31D43C842D35527E0068046E /* DateFormatterManager.swift */,
				310AC9E32A6D7A2F0055E013 /* PickerPropertiesManager.swift */,
				313153352AB8D22F00A3E11D /* ContextualActionViewManager.swift */,
				31EC35F92DF050B40057148B /* MigrationManager.swift */,
				314E67F22DDC995300EC6E78 /* LanguageManager.swift */,
				31EC35FB2DF05A700057148B /* NotificationManager.swift */,
			);
			path = Services;
			sourceTree = "<group>";
		};
		31CFBD4B2BD9390C004C75A8 /* MyFoodDetailsPopupMenu */ = {
			isa = PBXGroup;
			children = (
				31CFBD4E2BD93933004C75A8 /* MyFoodDetailsPopupMenu.xib */,
				31CFBD4C2BD93927004C75A8 /* MyFoodDetailsPopupMenu.swift */,
				31C6245E2C776821004E83B7 /* MyFoodDetailsPopupMenu+Extension+Animate.swift */,
			);
			path = MyFoodDetailsPopupMenu;
			sourceTree = "<group>";
		};
		31D43C952D3596A00068046E /* AddFoodScene */ = {
			isa = PBXGroup;
			children = (
				31D43C9A2D3596B70068046E /* AddFoodViewController.swift */,
				31D43C962D3596B70068046E /* AddFoodInteractor.swift */,
				31D43C982D3596B70068046E /* AddFoodPresenter.swift */,
				31D43C972D3596B70068046E /* AddFoodModels.swift */,
				31D43C992D3596B70068046E /* AddFoodRouter.swift */,
				31D43C9C2D3596B70068046E /* AddFoodWorker.swift */,
			);
			path = AddFoodScene;
			sourceTree = "<group>";
		};
		31DA20B52839488900DCE421 = {
			isa = PBXGroup;
			children = (
				3139EE9A2C66575A00AEC1F2 /* .gitignore */,
				31DA20C02839488900DCE421 /* FoodAtHome */,
				31DA20BF2839488900DCE421 /* Products */,
				2BF38B1D33C4955E3DD1E527 /* Pods */,
				0838A26D427A9BC2DB563F13 /* Frameworks */,
			);
			sourceTree = "<group>";
		};
		31DA20BF2839488900DCE421 /* Products */ = {
			isa = PBXGroup;
			children = (
				31DA20BE2839488900DCE421 /* FoodAtHome.app */,
			);
			name = Products;
			sourceTree = "<group>";
		};
		31DA20C02839488900DCE421 /* FoodAtHome */ = {
			isa = PBXGroup;
			children = (
				31C6245D2C772EB3004E83B7 /* Scenes */,
				31DC5BA52C9AAE0A00C0EB09 /* Views */,
				31DC5BA32C9AAD2C00C0EB09 /* Cells */,
				31CFBD3E2BD7E01E004C75A8 /* Services */,
				31372FDF2849C6A4009F1747 /* Models */,
				31CFBD302BCEF1F6004C75A8 /* Helpers */,
				3139EE642C4EAD0100AEC1F2 /* Storyboards */,
				31DC5BA62C9AAF1000C0EB09 /* Resources */,
				31DC5BA72C9AAF4600C0EB09 /* Config */,
			);
			path = FoodAtHome;
			sourceTree = "<group>";
		};
		31DC5BA32C9AAD2C00C0EB09 /* Cells */ = {
			isa = PBXGroup;
			children = (
				314E67E02DD4F42600EC6E78 /* SettingsTableViewCells */,
				31BA20C62CC019ED00475B7A /* ShoppingListTableViewCell */,
				31CFBD2F2BCEDAF7004C75A8 /* CategoryMyFoodCollectionViewCell */,
				31CFBD372BD13073004C75A8 /* MyFoodCollectionViewCell */,
				31E21F452C117BA0007B74B5 /* AddMyFoodCollectionViewCell */,
				316D2A892C9AC11B00D6A54A /* CategoryDetailsFoodCell */,
				31C7B02A2C81A6AC00C41CE3 /* FoodListTableViewCell */,
				316D2A8B2C9AC16600D6A54A /* ChoiseFoodCategoriesCollectionViewCell */,
			);
			path = Cells;
			sourceTree = "<group>";
		};
		31DC5BA52C9AAE0A00C0EB09 /* Views */ = {
			isa = PBXGroup;
			children = (
				3123E3112CBE274400ACE2AC /* TabBarView */,
				31CFBD4B2BD9390C004C75A8 /* MyFoodDetailsPopupMenu */,
				316D2A8A2C9AC13C00D6A54A /* CategoryDetailsHeaderView */,
			);
			path = Views;
			sourceTree = "<group>";
		};
		31DC5BA62C9AAF1000C0EB09 /* Resources */ = {
			isa = PBXGroup;
			children = (
				31D43C822D34FAE90068046E /* food_database.json */,
				3188955C2BC479EA00ABD040 /* Assets.xcassets */,
				3146EF872BC7F2F3002E9BF5 /* Fonts */,
				31A545E42DD38FCC0051F1C4 /* Localizable.strings */,
			);
			path = Resources;
			sourceTree = "<group>";
		};
		31DC5BA72C9AAF4600C0EB09 /* Config */ = {
			isa = PBXGroup;
			children = (
				31B1C5EC2BC7F5E300C6D43F /* AppDelegate.swift */,
				31EC36122DF0C1EC0057148B /* Info.plist */,
				31EC36132DF0C20B0057148B /* InfoPlist.strings */,
			);
			path = Config;
			sourceTree = "<group>";
		};
		31E21F452C117BA0007B74B5 /* AddMyFoodCollectionViewCell */ = {
			isa = PBXGroup;
			children = (
				31E21F422C117B94007B74B5 /* AddMyFoodCollectionViewCell.xib */,
				31E21F412C117B94007B74B5 /* AddMyFoodCollectionViewCell.swift */,
			);
			path = AddMyFoodCollectionViewCell;
			sourceTree = "<group>";
		};
		31FA89112BC90D50005EA855 /* MyFoodScene */ = {
			isa = PBXGroup;
			children = (
				31FA89162BC90DD5005EA855 /* MyFoodViewController.swift */,
				31FA89172BC90DD5005EA855 /* MyFoodInteractor.swift */,
				31FA89122BC90DD5005EA855 /* MyFoodPresenter.swift */,
				31FA89152BC90DD5005EA855 /* MyFoodModels.swift */,
				31FA89132BC90DD5005EA855 /* MyFoodWorker.swift */,
				31FA89142BC90DD5005EA855 /* MyFoodRouter.swift */,
			);
			path = MyFoodScene;
			sourceTree = "<group>";
		};
		31FD7DED2D706544001E07DA /* AddShoppingListScene */ = {
			isa = PBXGroup;
			children = (
				31FD7DF22D706586001E07DA /* AddShoppingListViewController.swift */,
				31FD7DEE2D706586001E07DA /* AddShoppingListInteractor.swift */,
				31FD7DF02D706586001E07DA /* AddShoppingListPresenter.swift */,
				31FD7DEF2D706586001E07DA /* AddShoppingListModels.swift */,
				31FD7DF12D706586001E07DA /* AddShoppingListRouter.swift */,
				31FD7DF42D706586001E07DA /* AddShoppingListWorker.swift */,
			);
			path = AddShoppingListScene;
			sourceTree = "<group>";
		};
/* End PBXGroup section */

/* Begin PBXNativeTarget section */
		31DA20BD2839488900DCE421 /* FoodAtHome */ = {
			isa = PBXNativeTarget;
			buildConfigurationList = 31DA20D22839488A00DCE421 /* Build configuration list for PBXNativeTarget "FoodAtHome" */;
			buildPhases = (
				6EFAEE038FC85D7A0F1727D0 /* [CP] Check Pods Manifest.lock */,
				31DA20BA2839488900DCE421 /* Sources */,
				31DA20BB2839488900DCE421 /* Frameworks */,
				31DA20BC2839488900DCE421 /* Resources */,
				46D43ABE02F898EC65A61828 /* [CP] Embed Pods Frameworks */,
			);
			buildRules = (
			);
			dependencies = (
			);
			name = FoodAtHome;
			productName = FoodAtHome;
			productReference = 31DA20BE2839488900DCE421 /* FoodAtHome.app */;
			productType = "com.apple.product-type.application";
		};
/* End PBXNativeTarget section */

/* Begin PBXProject section */
		31DA20B62839488900DCE421 /* Project object */ = {
			isa = PBXProject;
			attributes = {
				BuildIndependentTargetsInParallel = 1;
				LastSwiftUpdateCheck = 1340;
				LastUpgradeCheck = 1600;
				TargetAttributes = {
					31DA20BD2839488900DCE421 = {
						CreatedOnToolsVersion = 13.4;
					};
				};
			};
			buildConfigurationList = 31DA20B92839488900DCE421 /* Build configuration list for PBXProject "FoodAtHome" */;
			compatibilityVersion = "Xcode 13.0";
			developmentRegion = en;
			hasScannedForEncodings = 0;
			knownRegions = (
				en,
				ru,
				Base,
			);
			mainGroup = 31DA20B52839488900DCE421;
			productRefGroup = 31DA20BF2839488900DCE421 /* Products */;
			projectDirPath = "";
			projectRoot = "";
			targets = (
				31DA20BD2839488900DCE421 /* FoodAtHome */,
			);
		};
/* End PBXProject section */

/* Begin PBXResourcesBuildPhase section */
		31DA20BC2839488900DCE421 /* Resources */ = {
			isa = PBXResourcesBuildPhase;
			buildActionMask = 2147483647;
			files = (
				31E21F432C117B94007B74B5 /* AddMyFoodCollectionViewCell.xib in Resources */,
				31EC36152DF0C20B0057148B /* InfoPlist.strings in Resources */,
				31CFBD2A2BCED856004C75A8 /* CategoryMyFoodCollectionViewCell.xib in Resources */,
				3188955D2BC479EA00ABD040 /* Assets.xcassets in Resources */,
				31A545EE2DD390340051F1C4 /* Main.storyboard in Resources */,
				31B1C6022BC8001B00C6D43F /* Inter-SemiBold.otf in Resources */,
				31B1C6032BC8001B00C6D43F /* pobeda-bold.ttf in Resources */,
				3139EE6C2C4EAF4300AEC1F2 /* CategoryDetailsFoodCell.xib in Resources */,
				31D43C832D34FAF80068046E /* food_database.json in Resources */,
				31B1C6042BC8001B00C6D43F /* Inter-Light.otf in Resources */,
				3139EE722C52593300AEC1F2 /* CategoryDetailsHeaderView.xib in Resources */,
				31CFBD4F2BD93933004C75A8 /* MyFoodDetailsPopupMenu.xib in Resources */,
				31A545E52DD38FCC0051F1C4 /* Localizable.strings in Resources */,
				31B1C6052BC8001B00C6D43F /* Inter-Bold.otf in Resources */,
				31BA20C92CC01A8400475B7A /* ShoppingListTableViewCell.xib in Resources */,
				31CFBD3A2BD130A0004C75A8 /* MyFoodCollectionViewCell.xib in Resources */,
				31C7B02D2C81A6D100C41CE3 /* FoodListTableViewCell.xib in Resources */,
				31B1C6062BC8001B00C6D43F /* Inter-ExtraLight.otf in Resources */,
				31B1C6072BC8001B00C6D43F /* pobeda-regular.ttf in Resources */,
				3139EE9B2C66575A00AEC1F2 /* .gitignore in Resources */,
				31B1C6082BC8001B00C6D43F /* Inter.ttf in Resources */,
			);
			runOnlyForDeploymentPostprocessing = 0;
		};
/* End PBXResourcesBuildPhase section */

/* Begin PBXShellScriptBuildPhase section */
		46D43ABE02F898EC65A61828 /* [CP] Embed Pods Frameworks */ = {
			isa = PBXShellScriptBuildPhase;
			buildActionMask = 2147483647;
			files = (
			);
			inputFileListPaths = (
				"${PODS_ROOT}/Target Support Files/Pods-FoodAtHome/Pods-FoodAtHome-frameworks-${CONFIGURATION}-input-files.xcfilelist",
			);
			inputPaths = (
			);
			name = "[CP] Embed Pods Frameworks";
			outputFileListPaths = (
				"${PODS_ROOT}/Target Support Files/Pods-FoodAtHome/Pods-FoodAtHome-frameworks-${CONFIGURATION}-output-files.xcfilelist",
			);
			outputPaths = (
			);
			runOnlyForDeploymentPostprocessing = 0;
			shellPath = /bin/sh;
			shellScript = "\"${PODS_ROOT}/Target Support Files/Pods-FoodAtHome/Pods-FoodAtHome-frameworks.sh\"\n";
			showEnvVarsInLog = 0;
		};
		6EFAEE038FC85D7A0F1727D0 /* [CP] Check Pods Manifest.lock */ = {
			isa = PBXShellScriptBuildPhase;
			buildActionMask = 2147483647;
			files = (
			);
			inputFileListPaths = (
			);
			inputPaths = (
				"${PODS_PODFILE_DIR_PATH}/Podfile.lock",
				"${PODS_ROOT}/Manifest.lock",
			);
			name = "[CP] Check Pods Manifest.lock";
			outputFileListPaths = (
			);
			outputPaths = (
				"$(DERIVED_FILE_DIR)/Pods-FoodAtHome-checkManifestLockResult.txt",
			);
			runOnlyForDeploymentPostprocessing = 0;
			shellPath = /bin/sh;
			shellScript = "diff \"${PODS_PODFILE_DIR_PATH}/Podfile.lock\" \"${PODS_ROOT}/Manifest.lock\" > /dev/null\nif [ $? != 0 ] ; then\n    # print error to STDERR\n    echo \"error: The sandbox is not in sync with the Podfile.lock. Run 'pod install' or update your CocoaPods installation.\" >&2\n    exit 1\nfi\n# This output is used by Xcode 'outputs' to avoid re-running this script phase.\necho \"SUCCESS\" > \"${SCRIPT_OUTPUT_FILE_0}\"\n";
			showEnvVarsInLog = 0;
		};
/* End PBXShellScriptBuildPhase section */

/* Begin PBXSourcesBuildPhase section */
		31DA20BA2839488900DCE421 /* Sources */ = {
			isa = PBXSourcesBuildPhase;
			buildActionMask = 2147483647;
			files = (
				317F50E6286DB4C90049B64B /* UIColor + Extension.swift in Sources */,
				31E21F442C117B94007B74B5 /* AddMyFoodCollectionViewCell.swift in Sources */,
				31CFBD3D2BD7DE51004C75A8 /* DataManager.swift in Sources */,
				3139EE5A2C4D2D8D00AEC1F2 /* CategoryDetailsPresenter.swift in Sources */,
				3139EE5B2C4D2D8D00AEC1F2 /* CategoryDetailsWorker.swift in Sources */,
				31C624682C7DBABC004E83B7 /* ChoiseFoodPresenter.swift in Sources */,
				31C624692C7DBABC004E83B7 /* ChoiseFoodWorker.swift in Sources */,
				31C6246A2C7DBABC004E83B7 /* ChoiseFoodRouter.swift in Sources */,
				31C6246B2C7DBABC004E83B7 /* ChoiseFoodModels.swift in Sources */,
				31C624712C7EF5EC004E83B7 /* PopUpMenuPositionModel.swift in Sources */,
				31C6246C2C7DBABC004E83B7 /* ChoiseFoodViewController.swift in Sources */,
				31FD7DEC2D6E4D76001E07DA /* UIViewControllerAnimatedTransitioning + Extension.swift in Sources */,
				31C6246D2C7DBABC004E83B7 /* ChoiseFoodInteractor.swift in Sources */,
				3139EE5C2C4D2D8D00AEC1F2 /* CategoryDetailsRouter.swift in Sources */,
				3139EE5D2C4D2D8D00AEC1F2 /* CategoryDetailsModels.swift in Sources */,
				3139EE5E2C4D2D8D00AEC1F2 /* CategoryDetailsViewController.swift in Sources */,
				3139EE5F2C4D2D8D00AEC1F2 /* CategoryDetailsInteractor.swift in Sources */,
				31CFBD322BCEF211004C75A8 /* UIViewController + StoryBoard.swift in Sources */,
				31D0C42D2A9A767000EDF32B /* TextField + Extension.swift in Sources */,
				3139EE992C663E0C00AEC1F2 /* GradientForHeaderView.swift in Sources */,
				31CFBD462BD91D32004C75A8 /* UIView + Extensions.swift in Sources */,
				31BA20CA2CC01A8400475B7A /* ShoppingListTableViewCell.swift in Sources */,
				31D43C9D2D3596B70068046E /* AddFoodInteractor.swift in Sources */,
				31D43C9E2D3596B70068046E /* AddFoodWorker.swift in Sources */,
				31D43C9F2D3596B70068046E /* AddFoodRouter.swift in Sources */,
				31D43CA02D3596B70068046E /* AddFoodPresenter.swift in Sources */,
				31D43CA12D3596B70068046E /* AddFoodModels.swift in Sources */,
				31D43CA22D3596B70068046E /* AddFoodViewController.swift in Sources */,
				31EC35FA2DF050B40057148B /* MigrationManager.swift in Sources */,
				31CFBD3B2BD130A0004C75A8 /* MyFoodCollectionViewCell.swift in Sources */,
				31CFBD4D2BD93927004C75A8 /* MyFoodDetailsPopupMenu.swift in Sources */,
				3139EE702C52591000AEC1F2 /* CategoryDetailsHeaderView.swift in Sources */,
				314E67E62DD4F46800EC6E78 /* InformationCell.swift in Sources */,
				31D456A92A5D315200FDFDFB /* DateCalculatorManager.swift in Sources */,
				31D0C4252A9A1AC200EDF32B /* StringExtensionLocalized.swift in Sources */,
				31CFBD2E2BCEDA62004C75A8 /* CategoryMyFoodCollectionViewCell.swift in Sources */,
				31C6245F2C776821004E83B7 /* MyFoodDetailsPopupMenu+Extension+Animate.swift in Sources */,
				310D686A2C8DF07A001D791E /* CategoriesCollectionViewCell.swift in Sources */,
				31C7B02E2C81A6D100C41CE3 /* FoodListTableViewCell.swift in Sources */,
				31D43C852D35527E0068046E /* DateFormatterManager.swift in Sources */,
				314ECCA12D9151900047EDBB /* Date + Extension.swift in Sources */,
				31FA89192BC90DD5005EA855 /* MyFoodPresenter.swift in Sources */,
				3139EE512C4A68D100AEC1F2 /* CategoriesManager.swift in Sources */,
				31FA891A2BC90DD5005EA855 /* MyFoodWorker.swift in Sources */,
				31FA891B2BC90DD5005EA855 /* MyFoodRouter.swift in Sources */,
				31EC35F82DF047B70057148B /* LocalizationHelper.swift in Sources */,
				31FA891C2BC90DD5005EA855 /* MyFoodModels.swift in Sources */,
				31FA891D2BC90DD5005EA855 /* MyFoodViewController.swift in Sources */,
				314E67E22DD4F45200EC6E78 /* SetLanguageCell.swift in Sources */,
				3123E3312CBE708400ACE2AC /* SettingsRouter.swift in Sources */,
				3123E3322CBE708400ACE2AC /* SettingsPresenter.swift in Sources */,
				31EC35FC2DF05A700057148B /* NotificationManager.swift in Sources */,
				3123E3332CBE708400ACE2AC /* SettingsInteractor.swift in Sources */,
				3123E3342CBE708400ACE2AC /* SettingsModels.swift in Sources */,
				3123E3352CBE708400ACE2AC /* SettingsViewController.swift in Sources */,
				3123E3362CBE708400ACE2AC /* SettingsWorker.swift in Sources */,
				3139EE6B2C4EAF4300AEC1F2 /* CategoryDetailsFoodCell.swift in Sources */,
				31FA891E2BC90DD5005EA855 /* MyFoodInteractor.swift in Sources */,
				313153362AB8D22F00A3E11D /* ContextualActionViewManager.swift in Sources */,
				3123E3232CBE6F1E00ACE2AC /* ShoppingListRouter.swift in Sources */,
				3123E3242CBE6F1E00ACE2AC /* ShoppingListModels.swift in Sources */,
				3123E3252CBE6F1E00ACE2AC /* ShoppingListPresenter.swift in Sources */,
				314E67E42DD4F46000EC6E78 /* SetAppearanceCell.swift in Sources */,
				3123E3262CBE6F1E00ACE2AC /* ShoppingListWorker.swift in Sources */,
				3123E3272CBE6F1E00ACE2AC /* ShoppingListInteractor.swift in Sources */,
				3123E3282CBE6F1E00ACE2AC /* ShoppingListViewController.swift in Sources */,
				3123E3132CBE275600ACE2AC /* TabBarController.swift in Sources */,
				31B1C5ED2BC7F5E300C6D43F /* AppDelegate.swift in Sources */,
				318701A12A4E019C0079848C /* DateManager.swift in Sources */,
				31FD7DF62D706586001E07DA /* AddShoppingListPresenter.swift in Sources */,
				31FD7DF72D706586001E07DA /* AddShoppingListRouter.swift in Sources */,
				31FD7DF82D706586001E07DA /* AddShoppingListInteractor.swift in Sources */,
				31FD7DF92D706586001E07DA /* AddShoppingListWorker.swift in Sources */,
				31FD7DFA2D706586001E07DA /* AddShoppingListModels.swift in Sources */,
				31FD7DFB2D706586001E07DA /* AddShoppingListViewController.swift in Sources */,
				310AC9E42A6D7A2F0055E013 /* PickerPropertiesManager.swift in Sources */,
				31DA20D62839553600DCE421 /* FoodModel.swift in Sources */,
				314E67F72DDCB2D400EC6E78 /* LaunchViewController.swift in Sources */,
				314E67F32DDC995300EC6E78 /* LanguageManager.swift in Sources */,
			);
			runOnlyForDeploymentPostprocessing = 0;
		};
/* End PBXSourcesBuildPhase section */

/* Begin PBXVariantGroup section */
		31A545E42DD38FCC0051F1C4 /* Localizable.strings */ = {
			isa = PBXVariantGroup;
			children = (
				31A545E32DD38FCC0051F1C4 /* ru */,
				314E67F42DDC9AD500EC6E78 /* en */,
			);
			name = Localizable.strings;
			sourceTree = "<group>";
		};
		31A545ED2DD390340051F1C4 /* Main.storyboard */ = {
			isa = PBXVariantGroup;
			children = (
				31A545EC2DD390340051F1C4 /* Base */,
				31A545EF2DD390340051F1C4 /* mul */,
			);
			name = Main.storyboard;
			sourceTree = "<group>";
		};
		31EC36132DF0C20B0057148B /* InfoPlist.strings */ = {
			isa = PBXVariantGroup;
			children = (
				31EC36142DF0C20B0057148B /* en */,
				31EC36162DF0C20E0057148B /* ru */,
			);
			name = InfoPlist.strings;
			sourceTree = "<group>";
		};
/* End PBXVariantGroup section */

/* Begin XCBuildConfiguration section */
		31DA20D02839488A00DCE421 /* Debug */ = {
			isa = XCBuildConfiguration;
			buildSettings = {
				ALWAYS_SEARCH_USER_PATHS = NO;
				ASSETCATALOG_COMPILER_GENERATE_SWIFT_ASSET_SYMBOL_EXTENSIONS = YES;
				CLANG_ANALYZER_LOCALIZABILITY_NONLOCALIZED = YES;
				CLANG_ANALYZER_NONNULL = YES;
				CLANG_ANALYZER_NUMBER_OBJECT_CONVERSION = YES_AGGRESSIVE;
				CLANG_CXX_LANGUAGE_STANDARD = "gnu++17";
				CLANG_ENABLE_MODULES = YES;
				CLANG_ENABLE_OBJC_ARC = YES;
				CLANG_ENABLE_OBJC_WEAK = YES;
				CLANG_WARN_BLOCK_CAPTURE_AUTORELEASING = YES;
				CLANG_WARN_BOOL_CONVERSION = YES;
				CLANG_WARN_COMMA = YES;
				CLANG_WARN_CONSTANT_CONVERSION = YES;
				CLANG_WARN_DEPRECATED_OBJC_IMPLEMENTATIONS = YES;
				CLANG_WARN_DIRECT_OBJC_ISA_USAGE = YES_ERROR;
				CLANG_WARN_DOCUMENTATION_COMMENTS = YES;
				CLANG_WARN_EMPTY_BODY = YES;
				CLANG_WARN_ENUM_CONVERSION = YES;
				CLANG_WARN_INFINITE_RECURSION = YES;
				CLANG_WARN_INT_CONVERSION = YES;
				CLANG_WARN_NON_LITERAL_NULL_CONVERSION = YES;
				CLANG_WARN_OBJC_IMPLICIT_RETAIN_SELF = YES;
				CLANG_WARN_OBJC_LITERAL_CONVERSION = YES;
				CLANG_WARN_OBJC_ROOT_CLASS = YES_ERROR;
				CLANG_WARN_QUOTED_INCLUDE_IN_FRAMEWORK_HEADER = YES;
				CLANG_WARN_RANGE_LOOP_ANALYSIS = YES;
				CLANG_WARN_STRICT_PROTOTYPES = YES;
				CLANG_WARN_SUSPICIOUS_MOVE = YES;
				CLANG_WARN_UNGUARDED_AVAILABILITY = YES_AGGRESSIVE;
				CLANG_WARN_UNREACHABLE_CODE = YES;
				CLANG_WARN__DUPLICATE_METHOD_MATCH = YES;
				COPY_PHASE_STRIP = NO;
				DEBUG_INFORMATION_FORMAT = dwarf;
				ENABLE_STRICT_OBJC_MSGSEND = YES;
				ENABLE_TESTABILITY = YES;
				ENABLE_USER_SCRIPT_SANDBOXING = NO;
				GCC_C_LANGUAGE_STANDARD = gnu11;
				GCC_DYNAMIC_NO_PIC = NO;
				GCC_NO_COMMON_BLOCKS = YES;
				GCC_OPTIMIZATION_LEVEL = 0;
				GCC_PREPROCESSOR_DEFINITIONS = (
					"DEBUG=1",
					"$(inherited)",
				);
				GCC_WARN_64_TO_32_BIT_CONVERSION = YES;
				GCC_WARN_ABOUT_RETURN_TYPE = YES_ERROR;
				GCC_WARN_UNDECLARED_SELECTOR = YES;
				GCC_WARN_UNINITIALIZED_AUTOS = YES_AGGRESSIVE;
				GCC_WARN_UNUSED_FUNCTION = YES;
				GCC_WARN_UNUSED_VARIABLE = YES;
				IPHONEOS_DEPLOYMENT_TARGET = 15.0;
				LOCALIZATION_EXPORT_SUPPORTED = YES;
				LOCALIZED_STRING_MACRO_NAMES = (
					NSLocalizedString,
					CFCopyLocalizedString,
				);
				LOCALIZED_STRING_SWIFTUI_SUPPORT = YES;
				MTL_ENABLE_DEBUG_INFO = INCLUDE_SOURCE;
				MTL_FAST_MATH = YES;
				ONLY_ACTIVE_ARCH = YES;
				SDKROOT = iphoneos;
				SWIFT_ACTIVE_COMPILATION_CONDITIONS = DEBUG;
				SWIFT_EMIT_LOC_STRINGS = YES;
				SWIFT_OPTIMIZATION_LEVEL = "-Onone";
			};
			name = Debug;
		};
		31DA20D12839488A00DCE421 /* Release */ = {
			isa = XCBuildConfiguration;
			buildSettings = {
				ALWAYS_SEARCH_USER_PATHS = NO;
				ASSETCATALOG_COMPILER_GENERATE_SWIFT_ASSET_SYMBOL_EXTENSIONS = YES;
				CLANG_ANALYZER_LOCALIZABILITY_NONLOCALIZED = YES;
				CLANG_ANALYZER_NONNULL = YES;
				CLANG_ANALYZER_NUMBER_OBJECT_CONVERSION = YES_AGGRESSIVE;
				CLANG_CXX_LANGUAGE_STANDARD = "gnu++17";
				CLANG_ENABLE_MODULES = YES;
				CLANG_ENABLE_OBJC_ARC = YES;
				CLANG_ENABLE_OBJC_WEAK = YES;
				CLANG_WARN_BLOCK_CAPTURE_AUTORELEASING = YES;
				CLANG_WARN_BOOL_CONVERSION = YES;
				CLANG_WARN_COMMA = YES;
				CLANG_WARN_CONSTANT_CONVERSION = YES;
				CLANG_WARN_DEPRECATED_OBJC_IMPLEMENTATIONS = YES;
				CLANG_WARN_DIRECT_OBJC_ISA_USAGE = YES_ERROR;
				CLANG_WARN_DOCUMENTATION_COMMENTS = YES;
				CLANG_WARN_EMPTY_BODY = YES;
				CLANG_WARN_ENUM_CONVERSION = YES;
				CLANG_WARN_INFINITE_RECURSION = YES;
				CLANG_WARN_INT_CONVERSION = YES;
				CLANG_WARN_NON_LITERAL_NULL_CONVERSION = YES;
				CLANG_WARN_OBJC_IMPLICIT_RETAIN_SELF = YES;
				CLANG_WARN_OBJC_LITERAL_CONVERSION = YES;
				CLANG_WARN_OBJC_ROOT_CLASS = YES_ERROR;
				CLANG_WARN_QUOTED_INCLUDE_IN_FRAMEWORK_HEADER = YES;
				CLANG_WARN_RANGE_LOOP_ANALYSIS = YES;
				CLANG_WARN_STRICT_PROTOTYPES = YES;
				CLANG_WARN_SUSPICIOUS_MOVE = YES;
				CLANG_WARN_UNGUARDED_AVAILABILITY = YES_AGGRESSIVE;
				CLANG_WARN_UNREACHABLE_CODE = YES;
				CLANG_WARN__DUPLICATE_METHOD_MATCH = YES;
				COPY_PHASE_STRIP = NO;
				DEBUG_INFORMATION_FORMAT = "dwarf-with-dsym";
				ENABLE_NS_ASSERTIONS = NO;
				ENABLE_STRICT_OBJC_MSGSEND = YES;
				ENABLE_USER_SCRIPT_SANDBOXING = NO;
				GCC_C_LANGUAGE_STANDARD = gnu11;
				GCC_NO_COMMON_BLOCKS = YES;
				GCC_WARN_64_TO_32_BIT_CONVERSION = YES;
				GCC_WARN_ABOUT_RETURN_TYPE = YES_ERROR;
				GCC_WARN_UNDECLARED_SELECTOR = YES;
				GCC_WARN_UNINITIALIZED_AUTOS = YES_AGGRESSIVE;
				GCC_WARN_UNUSED_FUNCTION = YES;
				GCC_WARN_UNUSED_VARIABLE = YES;
				IPHONEOS_DEPLOYMENT_TARGET = 15.0;
				LOCALIZATION_EXPORT_SUPPORTED = YES;
				LOCALIZED_STRING_MACRO_NAMES = (
					NSLocalizedString,
					CFCopyLocalizedString,
				);
				LOCALIZED_STRING_SWIFTUI_SUPPORT = YES;
				MTL_ENABLE_DEBUG_INFO = NO;
				MTL_FAST_MATH = YES;
				SDKROOT = iphoneos;
				SWIFT_COMPILATION_MODE = wholemodule;
				SWIFT_EMIT_LOC_STRINGS = YES;
				SWIFT_OPTIMIZATION_LEVEL = "-O";
				VALIDATE_PRODUCT = YES;
			};
			name = Release;
		};
		31DA20D32839488A00DCE421 /* Debug */ = {
			isa = XCBuildConfiguration;
			baseConfigurationReference = 5B5B4EBF3CEE5A3EC63BC9B2 /* Pods-FoodAtHome.debug.xcconfig */;
			buildSettings = {
				ASSETCATALOG_COMPILER_APPICON_NAME = AppIcon;
				ASSETCATALOG_COMPILER_GLOBAL_ACCENT_COLOR_NAME = AccentColor;
				ASSETCATALOG_COMPILER_INCLUDE_ALL_APPICON_ASSETS = NO;
				CODE_SIGN_STYLE = Automatic;
				CURRENT_PROJECT_VERSION = 2;
				DEVELOPMENT_TEAM = HZU66MWZY7;
				GENERATE_INFOPLIST_FILE = YES;
				INFOPLIST_FILE = /Users/himynameisartem/Documents/Development/myApp/CommercialApp/FoodAtHome/FoodAtHome/FoodAtHome/Config/Info.plist;
				INFOPLIST_KEY_UIApplicationSupportsIndirectInputEvents = YES;
				INFOPLIST_KEY_UILaunchStoryboardName = "";
				INFOPLIST_KEY_UIMainStoryboardFile = Main;
				INFOPLIST_KEY_UISupportedInterfaceOrientations = UIInterfaceOrientationPortrait;
				INFOPLIST_KEY_UISupportedInterfaceOrientations_iPad = "UIInterfaceOrientationLandscapeLeft UIInterfaceOrientationLandscapeRight UIInterfaceOrientationPortrait UIInterfaceOrientationPortraitUpsideDown";
				INFOPLIST_KEY_UIUserInterfaceStyle = Light;
				IPHONEOS_DEPLOYMENT_TARGET = 15.5;
				LD_RUNPATH_SEARCH_PATHS = (
					"$(inherited)",
					"@executable_path/Frameworks",
				);
				MARKETING_VERSION = 1.1;
				PRODUCT_BUNDLE_IDENTIFIER = ru.himynameisartem.FoodAtHome;
				PRODUCT_NAME = "$(TARGET_NAME)";
				SWIFT_EMIT_LOC_STRINGS = YES;
				SWIFT_VERSION = 5.0;
				TARGETED_DEVICE_FAMILY = 1;
			};
			name = Debug;
		};
		31DA20D42839488A00DCE421 /* Release */ = {
			isa = XCBuildConfiguration;
			baseConfigurationReference = 67C74604784AE7BBE71EB589 /* Pods-FoodAtHome.release.xcconfig */;
			buildSettings = {
				ASSETCATALOG_COMPILER_APPICON_NAME = AppIcon;
				ASSETCATALOG_COMPILER_GLOBAL_ACCENT_COLOR_NAME = AccentColor;
				ASSETCATALOG_COMPILER_INCLUDE_ALL_APPICON_ASSETS = NO;
				CODE_SIGN_STYLE = Automatic;
				CURRENT_PROJECT_VERSION = 2;
				DEVELOPMENT_TEAM = HZU66MWZY7;
				GENERATE_INFOPLIST_FILE = YES;
				INFOPLIST_FILE = /Users/himynameisartem/Documents/Development/myApp/CommercialApp/FoodAtHome/FoodAtHome/FoodAtHome/Config/Info.plist;
				INFOPLIST_KEY_UIApplicationSupportsIndirectInputEvents = YES;
				INFOPLIST_KEY_UILaunchStoryboardName = "";
				INFOPLIST_KEY_UIMainStoryboardFile = Main;
				INFOPLIST_KEY_UISupportedInterfaceOrientations = UIInterfaceOrientationPortrait;
				INFOPLIST_KEY_UISupportedInterfaceOrientations_iPad = "UIInterfaceOrientationLandscapeLeft UIInterfaceOrientationLandscapeRight UIInterfaceOrientationPortrait UIInterfaceOrientationPortraitUpsideDown";
				INFOPLIST_KEY_UIUserInterfaceStyle = Light;
				IPHONEOS_DEPLOYMENT_TARGET = 15.5;
				LD_RUNPATH_SEARCH_PATHS = (
					"$(inherited)",
					"@executable_path/Frameworks",
				);
				MARKETING_VERSION = 1.1;
				PRODUCT_BUNDLE_IDENTIFIER = ru.himynameisartem.FoodAtHome;
				PRODUCT_NAME = "$(TARGET_NAME)";
				SWIFT_EMIT_LOC_STRINGS = YES;
				SWIFT_VERSION = 5.0;
				TARGETED_DEVICE_FAMILY = 1;
			};
			name = Release;
		};
/* End XCBuildConfiguration section */

/* Begin XCConfigurationList section */
		31DA20B92839488900DCE421 /* Build configuration list for PBXProject "FoodAtHome" */ = {
			isa = XCConfigurationList;
			buildConfigurations = (
				31DA20D02839488A00DCE421 /* Debug */,
				31DA20D12839488A00DCE421 /* Release */,
			);
			defaultConfigurationIsVisible = 0;
			defaultConfigurationName = Release;
		};
		31DA20D22839488A00DCE421 /* Build configuration list for PBXNativeTarget "FoodAtHome" */ = {
			isa = XCConfigurationList;
			buildConfigurations = (
				31DA20D32839488A00DCE421 /* Debug */,
				31DA20D42839488A00DCE421 /* Release */,
			);
			defaultConfigurationIsVisible = 0;
			defaultConfigurationName = Release;
		};
/* End XCConfigurationList section */
	};
	rootObject = 31DA20B62839488900DCE421 /* Project object */;
}
